
Microsoft Visual Studio Solution File, Format Version 12.00
# Visual Studio Version 16
VisualStudioVersion = 16.0.29728.190
MinimumVisualStudioVersion = 10.0.40219.1
Project("{8BC9CEB8-8B4A-11D0-8D11-00A0C91BC942}") = "Debug Example", "Debug Example.vcxproj", "{DCA390F3-EAB5-4167-AB48-BD920DF5A006}"
EndProject
Global
	GlobalSection(SolutionConfigurationPlatforms) = preSolution
		Debug|x64 = Debug|x64
		Debug|x86 = Debug|x86
		Release|x64 = Release|x64
		Release|x86 = Release|x86
	EndGlobalSection
	GlobalSection(ProjectConfigurationPlatforms) = postSolution
		{DCA390F3-EAB5-4167-AB48-BD920DF5A006}.Debug|x64.ActiveCfg = Debug|x64
		{DCA390F3-EAB5-4167-AB48-BD920DF5A006}.Debug|x64.Build.0 = Debug|x64
		{DCA390F3-EAB5-4167-AB48-BD920DF5A006}.Debug|x86.ActiveCfg = Debug|Win32
		{DCA390F3-EAB5-4167-AB48-BD920DF5A006}.Debug|x86.Build.0 = Debug|Win32
		{DCA390F3-EAB5-4167-AB48-BD920DF5A006}.Release|x64.ActiveCfg = Release|x64
		{DCA390F3-EAB5-4167-AB48-BD920DF5A006}.Release|x64.Build.0 = Release|x64
		{DCA390F3-EAB5-4167-AB48-BD920DF5A006}.Release|x86.ActiveCfg = Release|Win32
		{DCA390F3-EAB5-4167-AB48-BD920DF5A006}.Release|x86.Build.0 = Release|Win32
	EndGlobalSection
	GlobalSection(SolutionProperties) = preSolution
		HideSolutionNode = FALSE
	EndGlobalSection
	GlobalSection(ExtensibilityGlobals) = postSolution
		SolutionGuid = {7537290D-5DF7-45BB-AD26-076E45301C26}
	EndGlobalSection
EndGlobal
